
Microsoft Visual Studio Solution File, Format Version 12.00
# Visual Studio Version 17
VisualStudioVersion = 17.9.34728.123
MinimumVisualStudioVersion = 10.0.40219.1
Project("{FAE04EC0-301F-11D3-BF4B-00C04F79EFBC}") = "Email_ServiceLib", "Email_ServiceLib\Email_ServiceLib.csproj", "{B39E1761-112B-4FB8-BF64-690908A6F0A3}"
EndProject
Project("{2150E333-8FDC-42A3-9474-1A3956D46DE8}") = "src", "src", "{D9541DCB-FFCC-4091-9471-6C157CC0A117}"
EndProject
Project("{2150E333-8FDC-42A3-9474-1A3956D46DE8}") = "tests", "tests", "{43404659-13A9-477F-8BC3-B60F0A8E6BEC}"
EndProject
Project("{FAE04EC0-301F-11D3-BF4B-00C04F79EFBC}") = "Email_ServiceLibTests", "Email_ServiceLibTests\Email_ServiceLibTests.csproj", "{A15B6FA1-5000-46CD-9522-B76CE9B9072E}"
EndProject
Global
	GlobalSection(SolutionConfigurationPlatforms) = preSolution
		Debug|Any CPU = Debug|Any CPU
		Release|Any CPU = Release|Any CPU
	EndGlobalSection
	GlobalSection(ProjectConfigurationPlatforms) = postSolution
		{B39E1761-112B-4FB8-BF64-690908A6F0A3}.Debug|Any CPU.ActiveCfg = Debug|Any CPU
		{B39E1761-112B-4FB8-BF64-690908A6F0A3}.Debug|Any CPU.Build.0 = Debug|Any CPU
		{B39E1761-112B-4FB8-BF64-690908A6F0A3}.Release|Any CPU.ActiveCfg = Release|Any CPU
		{B39E1761-112B-4FB8-BF64-690908A6F0A3}.Release|Any CPU.Build.0 = Release|Any CPU
		{A15B6FA1-5000-46CD-9522-B76CE9B9072E}.Debug|Any CPU.ActiveCfg = Debug|Any CPU
		{A15B6FA1-5000-46CD-9522-B76CE9B9072E}.Debug|Any CPU.Build.0 = Debug|Any CPU
		{A15B6FA1-5000-46CD-9522-B76CE9B9072E}.Release|Any CPU.ActiveCfg = Release|Any CPU
		{A15B6FA1-5000-46CD-9522-B76CE9B9072E}.Release|Any CPU.Build.0 = Release|Any CPU
	EndGlobalSection
	GlobalSection(SolutionProperties) = preSolution
		HideSolutionNode = FALSE
	EndGlobalSection
	GlobalSection(NestedProjects) = preSolution
		{B39E1761-112B-4FB8-BF64-690908A6F0A3} = {D9541DCB-FFCC-4091-9471-6C157CC0A117}
		{A15B6FA1-5000-46CD-9522-B76CE9B9072E} = {43404659-13A9-477F-8BC3-B60F0A8E6BEC}
	EndGlobalSection
	GlobalSection(ExtensibilityGlobals) = postSolution
		SolutionGuid = {48BEABBC-A754-48D6-969B-9B3076E0B691}
	EndGlobalSection
EndGlobal
